
Microsoft Visual Studio Solution File, Format Version 12.00
# Visual Studio Version 16
VisualStudioVersion = 16.0.30204.135
MinimumVisualStudioVersion = 10.0.40219.1
Project("{FAE04EC0-301F-11D3-BF4B-00C04F79EFBC}") = "Notify", "Notify\Notify.csproj", "{3590D61B-DF1D-4832-9F7B-3EDB079BD110}"
EndProject
Global
	GlobalSection(SolutionConfigurationPlatforms) = preSolution
		Debug|Any CPU = Debug|Any CPU
		Release|Any CPU = Release|Any CPU
	EndGlobalSection
	GlobalSection(ProjectConfigurationPlatforms) = postSolution
		{3590D61B-DF1D-4832-9F7B-3EDB079BD110}.Debug|Any CPU.ActiveCfg = Debug|Any CPU
		{3590D61B-DF1D-4832-9F7B-3EDB079BD110}.Debug|Any CPU.Build.0 = Debug|Any CPU
		{3590D61B-DF1D-4832-9F7B-3EDB079BD110}.Release|Any CPU.ActiveCfg = Release|Any CPU
		{3590D61B-DF1D-4832-9F7B-3EDB079BD110}.Release|Any CPU.Build.0 = Release|Any CPU
	EndGlobalSection
	GlobalSection(SolutionProperties) = preSolution
		HideSolutionNode = FALSE
	EndGlobalSection
	GlobalSection(ExtensibilityGlobals) = postSolution
		SolutionGuid = {96CD810A-CC9B-4677-B000-3E85A744B448}
	EndGlobalSection
EndGlobal
